
Microsoft Visual Studio Solution File, Format Version 12.00
Project("{FAE04EC0-301F-11D3-BF4B-00C04F79EFBC}") = "OutBoxPattern", "OutBoxPattern\OutBoxPattern.csproj", "{09B7E183-2796-47B7-B92A-9DBB7B31F61B}"
EndProject
Global
	GlobalSection(SolutionConfigurationPlatforms) = preSolution
		Debug|Any CPU = Debug|Any CPU
		Release|Any CPU = Release|Any CPU
	EndGlobalSection
	GlobalSection(ProjectConfigurationPlatforms) = postSolution
		{09B7E183-2796-47B7-B92A-9DBB7B31F61B}.Debug|Any CPU.ActiveCfg = Debug|Any CPU
		{09B7E183-2796-47B7-B92A-9DBB7B31F61B}.Debug|Any CPU.Build.0 = Debug|Any CPU
		{09B7E183-2796-47B7-B92A-9DBB7B31F61B}.Release|Any CPU.ActiveCfg = Release|Any CPU
		{09B7E183-2796-47B7-B92A-9DBB7B31F61B}.Release|Any CPU.Build.0 = Release|Any CPU
	EndGlobalSection
EndGlobal
